
Microsoft Visual Studio Solution File, Format Version 12.00
# Visual Studio 15
VisualStudioVersion = 15.0.28307.902
MinimumVisualStudioVersion = 10.0.40219.1
Project("{FAE04EC0-301F-11D3-BF4B-00C04F79EFBC}") = "HorizonRE", "mvcAuth2019\HorizonRE.csproj", "{601EAE48-C15C-4B26-8E97-4C93E62FA83B}"
EndProject
Global
	GlobalSection(SolutionConfigurationPlatforms) = preSolution
		Debug|Any CPU = Debug|Any CPU
		Release|Any CPU = Release|Any CPU
	EndGlobalSection
	GlobalSection(ProjectConfigurationPlatforms) = postSolution
		{601EAE48-C15C-4B26-8E97-4C93E62FA83B}.Debug|Any CPU.ActiveCfg = Debug|Any CPU
		{601EAE48-C15C-4B26-8E97-4C93E62FA83B}.Debug|Any CPU.Build.0 = Debug|Any CPU
		{601EAE48-C15C-4B26-8E97-4C93E62FA83B}.Release|Any CPU.ActiveCfg = Release|Any CPU
		{601EAE48-C15C-4B26-8E97-4C93E62FA83B}.Release|Any CPU.Build.0 = Release|Any CPU
	EndGlobalSection
	GlobalSection(SolutionProperties) = preSolution
		HideSolutionNode = FALSE
	EndGlobalSection
	GlobalSection(ExtensibilityGlobals) = postSolution
		SolutionGuid = {3841041E-CD6D-49EF-B63A-4C445F06DAB6}
	EndGlobalSection
EndGlobal
